
Microsoft Visual Studio Solution File, Format Version 12.00
# Visual Studio Version 17
VisualStudioVersion = 17.5.2.0
MinimumVisualStudioVersion = 10.0.40219.1
Project("{FAE04EC0-301F-11D3-BF4B-00C04F79EFBC}") = "NHM", "NHM.csproj", "{11A4C93D-8C0D-C5FA-9C45-FE72C5FE746A}"
EndProject
Project("{FAE04EC0-301F-11D3-BF4B-00C04F79EFBC}") = "NHM.Tests", "NHM.Tests\NHM.Tests.csproj", "{FBB9D19F-9260-484D-A8D1-4B825FE5DDE1}"
EndProject
Global
	GlobalSection(SolutionConfigurationPlatforms) = preSolution
		Debug|Any CPU = Debug|Any CPU
		Debug|x64 = Debug|x64
		Debug|x86 = Debug|x86
		Release|Any CPU = Release|Any CPU
		Release|x64 = Release|x64
		Release|x86 = Release|x86
	EndGlobalSection
	GlobalSection(ProjectConfigurationPlatforms) = postSolution
		{11A4C93D-8C0D-C5FA-9C45-FE72C5FE746A}.Debug|Any CPU.ActiveCfg = Debug|Any CPU
		{11A4C93D-8C0D-C5FA-9C45-FE72C5FE746A}.Debug|Any CPU.Build.0 = Debug|Any CPU
		{11A4C93D-8C0D-C5FA-9C45-FE72C5FE746A}.Debug|x64.ActiveCfg = Debug|Any CPU
		{11A4C93D-8C0D-C5FA-9C45-FE72C5FE746A}.Debug|x64.Build.0 = Debug|Any CPU
		{11A4C93D-8C0D-C5FA-9C45-FE72C5FE746A}.Debug|x86.ActiveCfg = Debug|Any CPU
		{11A4C93D-8C0D-C5FA-9C45-FE72C5FE746A}.Debug|x86.Build.0 = Debug|Any CPU
		{11A4C93D-8C0D-C5FA-9C45-FE72C5FE746A}.Release|Any CPU.ActiveCfg = Release|Any CPU
		{11A4C93D-8C0D-C5FA-9C45-FE72C5FE746A}.Release|Any CPU.Build.0 = Release|Any CPU
		{11A4C93D-8C0D-C5FA-9C45-FE72C5FE746A}.Release|x64.ActiveCfg = Release|Any CPU
		{11A4C93D-8C0D-C5FA-9C45-FE72C5FE746A}.Release|x64.Build.0 = Release|Any CPU
		{11A4C93D-8C0D-C5FA-9C45-FE72C5FE746A}.Release|x86.ActiveCfg = Release|Any CPU
		{11A4C93D-8C0D-C5FA-9C45-FE72C5FE746A}.Release|x86.Build.0 = Release|Any CPU
		{FBB9D19F-9260-484D-A8D1-4B825FE5DDE1}.Debug|Any CPU.ActiveCfg = Debug|Any CPU
		{FBB9D19F-9260-484D-A8D1-4B825FE5DDE1}.Debug|Any CPU.Build.0 = Debug|Any CPU
		{FBB9D19F-9260-484D-A8D1-4B825FE5DDE1}.Debug|x64.ActiveCfg = Debug|Any CPU
		{FBB9D19F-9260-484D-A8D1-4B825FE5DDE1}.Debug|x64.Build.0 = Debug|Any CPU
		{FBB9D19F-9260-484D-A8D1-4B825FE5DDE1}.Debug|x86.ActiveCfg = Debug|Any CPU
		{FBB9D19F-9260-484D-A8D1-4B825FE5DDE1}.Debug|x86.Build.0 = Debug|Any CPU
		{FBB9D19F-9260-484D-A8D1-4B825FE5DDE1}.Release|Any CPU.ActiveCfg = Release|Any CPU
		{FBB9D19F-9260-484D-A8D1-4B825FE5DDE1}.Release|Any CPU.Build.0 = Release|Any CPU
		{FBB9D19F-9260-484D-A8D1-4B825FE5DDE1}.Release|x64.ActiveCfg = Release|Any CPU
		{FBB9D19F-9260-484D-A8D1-4B825FE5DDE1}.Release|x64.Build.0 = Release|Any CPU
		{FBB9D19F-9260-484D-A8D1-4B825FE5DDE1}.Release|x86.ActiveCfg = Release|Any CPU
		{FBB9D19F-9260-484D-A8D1-4B825FE5DDE1}.Release|x86.Build.0 = Release|Any CPU
	EndGlobalSection
	GlobalSection(SolutionProperties) = preSolution
		HideSolutionNode = FALSE
	EndGlobalSection
	GlobalSection(ExtensibilityGlobals) = postSolution
		SolutionGuid = {131B3429-D562-4EC4-8D5D-B807FF8C6469}
	EndGlobalSection
EndGlobal
